
Microsoft Visual Studio Solution File, Format Version 12.00
# Visual Studio Version 17
VisualStudioVersion = 17.7.34221.43
MinimumVisualStudioVersion = 10.0.40219.1
Project("{778DAE3C-4631-46EA-AA77-85C1314464D9}") = "ITPAssignment", "ITPAssignment\ITPAssignment.vbproj", "{85CD2851-692F-4DDE-85E3-54BC6CF6C901}"
EndProject
Global
	GlobalSection(SolutionConfigurationPlatforms) = preSolution
		Debug|Any CPU = Debug|Any CPU
		Release|Any CPU = Release|Any CPU
	EndGlobalSection
	GlobalSection(ProjectConfigurationPlatforms) = postSolution
		{85CD2851-692F-4DDE-85E3-54BC6CF6C901}.Debug|Any CPU.ActiveCfg = Debug|Any CPU
		{85CD2851-692F-4DDE-85E3-54BC6CF6C901}.Debug|Any CPU.Build.0 = Debug|Any CPU
		{85CD2851-692F-4DDE-85E3-54BC6CF6C901}.Release|Any CPU.ActiveCfg = Release|Any CPU
		{85CD2851-692F-4DDE-85E3-54BC6CF6C901}.Release|Any CPU.Build.0 = Release|Any CPU
	EndGlobalSection
	GlobalSection(SolutionProperties) = preSolution
		HideSolutionNode = FALSE
	EndGlobalSection
	GlobalSection(ExtensibilityGlobals) = postSolution
		SolutionGuid = {0DBC8801-E0F7-40E0-B404-3D75E4659590}
	EndGlobalSection
EndGlobal
